
Microsoft Visual Studio Solution File, Format Version 12.00
# Visual Studio Version 16
VisualStudioVersion = 16.0.30907.101
MinimumVisualStudioVersion = 10.0.40219.1
Project("{FAE04EC0-301F-11D3-BF4B-00C04F79EFBC}") = "NBSUltra", "NBSUltra.csproj", "{DB9DEE68-E5F0-4290-B94A-3B24BB038E94}"
EndProject
Global
	GlobalSection(SolutionConfigurationPlatforms) = preSolution
		Debug|Any CPU = Debug|Any CPU
		Release|Any CPU = Release|Any CPU
	EndGlobalSection
	GlobalSection(ProjectConfigurationPlatforms) = postSolution
		{DB9DEE68-E5F0-4290-B94A-3B24BB038E94}.Debug|Any CPU.ActiveCfg = Debug|Any CPU
		{DB9DEE68-E5F0-4290-B94A-3B24BB038E94}.Debug|Any CPU.Build.0 = Debug|Any CPU
		{DB9DEE68-E5F0-4290-B94A-3B24BB038E94}.Release|Any CPU.ActiveCfg = Release|Any CPU
		{DB9DEE68-E5F0-4290-B94A-3B24BB038E94}.Release|Any CPU.Build.0 = Release|Any CPU
	EndGlobalSection
	GlobalSection(SolutionProperties) = preSolution
		HideSolutionNode = FALSE
	EndGlobalSection
	GlobalSection(ExtensibilityGlobals) = postSolution
		SolutionGuid = {7141D861-B5C2-483A-8A09-CF5F66E6E715}
	EndGlobalSection
EndGlobal
