
Microsoft Visual Studio Solution File, Format Version 12.00
# Visual Studio Version 16
VisualStudioVersion = 16.0.28803.452
MinimumVisualStudioVersion = 10.0.40219.1
Project("{FAE04EC0-301F-11D3-BF4B-00C04F79EFBC}") = "PellesStats", "PellesStats\PellesStats.csproj", "{15EDA328-5F4A-41D4-980D-63DD81FCF12B}"
EndProject
Global
	GlobalSection(SolutionConfigurationPlatforms) = preSolution
		Debug|Any CPU = Debug|Any CPU
		Release|Any CPU = Release|Any CPU
	EndGlobalSection
	GlobalSection(ProjectConfigurationPlatforms) = postSolution
		{15EDA328-5F4A-41D4-980D-63DD81FCF12B}.Debug|Any CPU.ActiveCfg = Debug|Any CPU
		{15EDA328-5F4A-41D4-980D-63DD81FCF12B}.Debug|Any CPU.Build.0 = Debug|Any CPU
		{15EDA328-5F4A-41D4-980D-63DD81FCF12B}.Release|Any CPU.ActiveCfg = Release|Any CPU
		{15EDA328-5F4A-41D4-980D-63DD81FCF12B}.Release|Any CPU.Build.0 = Release|Any CPU
	EndGlobalSection
	GlobalSection(SolutionProperties) = preSolution
		HideSolutionNode = FALSE
	EndGlobalSection
	GlobalSection(ExtensibilityGlobals) = postSolution
		SolutionGuid = {650E2C0A-D50B-4B84-B0D7-B2ABBC17B89A}
	EndGlobalSection
EndGlobal
