
Microsoft Visual Studio Solution File, Format Version 12.00
# Visual Studio Version 16
VisualStudioVersion = 16.0.28721.148
MinimumVisualStudioVersion = 10.0.40219.1
Project("{FAE04EC0-301F-11D3-BF4B-00C04F79EFBC}") = "PRO", "PRO\PRO.csproj", "{49C2FC54-0AB8-444F-861D-B74E56D95F07}"
EndProject
Global
	GlobalSection(SolutionConfigurationPlatforms) = preSolution
		Debug|Any CPU = Debug|Any CPU
		Release|Any CPU = Release|Any CPU
	EndGlobalSection
	GlobalSection(ProjectConfigurationPlatforms) = postSolution
		{49C2FC54-0AB8-444F-861D-B74E56D95F07}.Debug|Any CPU.ActiveCfg = Debug|Any CPU
		{49C2FC54-0AB8-444F-861D-B74E56D95F07}.Debug|Any CPU.Build.0 = Debug|Any CPU
		{49C2FC54-0AB8-444F-861D-B74E56D95F07}.Release|Any CPU.ActiveCfg = Release|Any CPU
		{49C2FC54-0AB8-444F-861D-B74E56D95F07}.Release|Any CPU.Build.0 = Release|Any CPU
	EndGlobalSection
	GlobalSection(SolutionProperties) = preSolution
		HideSolutionNode = FALSE
	EndGlobalSection
	GlobalSection(ExtensibilityGlobals) = postSolution
		SolutionGuid = {535C9198-43D4-4080-B36B-88C20A5BA9C6}
	EndGlobalSection
EndGlobal
