
Microsoft Visual Studio Solution File, Format Version 12.00
# Visual Studio Version 16
VisualStudioVersion = 16.0.30204.135
MinimumVisualStudioVersion = 10.0.40219.1
Project("{FAE04EC0-301F-11D3-BF4B-00C04F79EFBC}") = "RoleBaseAuth", "RoleBaseAuth.csproj", "{2C45180D-07EF-402D-B344-394BBF18E584}"
EndProject
Global
	GlobalSection(SolutionConfigurationPlatforms) = preSolution
		Debug|Any CPU = Debug|Any CPU
		Release|Any CPU = Release|Any CPU
	EndGlobalSection
	GlobalSection(ProjectConfigurationPlatforms) = postSolution
		{2C45180D-07EF-402D-B344-394BBF18E584}.Debug|Any CPU.ActiveCfg = Debug|Any CPU
		{2C45180D-07EF-402D-B344-394BBF18E584}.Debug|Any CPU.Build.0 = Debug|Any CPU
		{2C45180D-07EF-402D-B344-394BBF18E584}.Release|Any CPU.ActiveCfg = Release|Any CPU
		{2C45180D-07EF-402D-B344-394BBF18E584}.Release|Any CPU.Build.0 = Release|Any CPU
	EndGlobalSection
	GlobalSection(SolutionProperties) = preSolution
		HideSolutionNode = FALSE
	EndGlobalSection
	GlobalSection(ExtensibilityGlobals) = postSolution
		SolutionGuid = {608D4479-3877-40AE-8F15-68BE95F0D3D8}
	EndGlobalSection
EndGlobal
