
Microsoft Visual Studio Solution File, Format Version 12.00
# Visual Studio Version 16
VisualStudioVersion = 16.0.30225.117
MinimumVisualStudioVersion = 10.0.40219.1
Project("{FAE04EC0-301F-11D3-BF4B-00C04F79EFBC}") = "PROHockeyManager2021", "PROHockeyManager2021.csproj", "{402FAD46-92E2-40B5-A5C4-3979D2136B84}"
EndProject
Global
	GlobalSection(SolutionConfigurationPlatforms) = preSolution
		Debug|Any CPU = Debug|Any CPU
		Release|Any CPU = Release|Any CPU
	EndGlobalSection
	GlobalSection(ProjectConfigurationPlatforms) = postSolution
		{402FAD46-92E2-40B5-A5C4-3979D2136B84}.Debug|Any CPU.ActiveCfg = Debug|Any CPU
		{402FAD46-92E2-40B5-A5C4-3979D2136B84}.Debug|Any CPU.Build.0 = Debug|Any CPU
		{402FAD46-92E2-40B5-A5C4-3979D2136B84}.Release|Any CPU.ActiveCfg = Release|Any CPU
		{402FAD46-92E2-40B5-A5C4-3979D2136B84}.Release|Any CPU.Build.0 = Release|Any CPU
	EndGlobalSection
	GlobalSection(SolutionProperties) = preSolution
		HideSolutionNode = FALSE
	EndGlobalSection
	GlobalSection(ExtensibilityGlobals) = postSolution
		SolutionGuid = {A6895DD7-B532-4B8B-80A2-4CDC2C1AE44B}
	EndGlobalSection
EndGlobal
