
Microsoft Visual Studio Solution File, Format Version 12.00
# Visual Studio Version 16
VisualStudioVersion = 16.0.30907.101
MinimumVisualStudioVersion = 10.0.40219.1
Project("{FAE04EC0-301F-11D3-BF4B-00C04F79EFBC}") = "NBS2021", "NBS2021.csproj", "{2FF347CC-0DAA-4E59-907A-16879DD42D8A}"
EndProject
Global
	GlobalSection(SolutionConfigurationPlatforms) = preSolution
		Debug|Any CPU = Debug|Any CPU
		Release|Any CPU = Release|Any CPU
	EndGlobalSection
	GlobalSection(ProjectConfigurationPlatforms) = postSolution
		{2FF347CC-0DAA-4E59-907A-16879DD42D8A}.Debug|Any CPU.ActiveCfg = Debug|Any CPU
		{2FF347CC-0DAA-4E59-907A-16879DD42D8A}.Debug|Any CPU.Build.0 = Debug|Any CPU
		{2FF347CC-0DAA-4E59-907A-16879DD42D8A}.Release|Any CPU.ActiveCfg = Release|Any CPU
		{2FF347CC-0DAA-4E59-907A-16879DD42D8A}.Release|Any CPU.Build.0 = Release|Any CPU
	EndGlobalSection
	GlobalSection(SolutionProperties) = preSolution
		HideSolutionNode = FALSE
	EndGlobalSection
	GlobalSection(ExtensibilityGlobals) = postSolution
		SolutionGuid = {28DD4A3F-424A-4093-A5DE-990709AE3C37}
	EndGlobalSection
EndGlobal
