
Microsoft Visual Studio Solution File, Format Version 12.00
# Visual Studio Version 16
VisualStudioVersion = 16.0.30225.117
MinimumVisualStudioVersion = 10.0.40219.1
Project("{FAE04EC0-301F-11D3-BF4B-00C04F79EFBC}") = "DecimalTest", "DecimalTest.csproj", "{0F39D87E-9153-4B04-8C97-D11202A8193B}"
EndProject
Global
	GlobalSection(SolutionConfigurationPlatforms) = preSolution
		Debug|Any CPU = Debug|Any CPU
		Release|Any CPU = Release|Any CPU
	EndGlobalSection
	GlobalSection(ProjectConfigurationPlatforms) = postSolution
		{0F39D87E-9153-4B04-8C97-D11202A8193B}.Debug|Any CPU.ActiveCfg = Debug|Any CPU
		{0F39D87E-9153-4B04-8C97-D11202A8193B}.Debug|Any CPU.Build.0 = Debug|Any CPU
		{0F39D87E-9153-4B04-8C97-D11202A8193B}.Release|Any CPU.ActiveCfg = Release|Any CPU
		{0F39D87E-9153-4B04-8C97-D11202A8193B}.Release|Any CPU.Build.0 = Release|Any CPU
	EndGlobalSection
	GlobalSection(SolutionProperties) = preSolution
		HideSolutionNode = FALSE
	EndGlobalSection
	GlobalSection(ExtensibilityGlobals) = postSolution
		SolutionGuid = {339C8DFE-A169-4813-83C6-07D1A9C8DAA6}
	EndGlobalSection
EndGlobal
