
Microsoft Visual Studio Solution File, Format Version 12.00
# Visual Studio 15
VisualStudioVersion = 15.0.28307.168
MinimumVisualStudioVersion = 10.0.40219.1
Project("{E24C65DC-7377-472B-9ABA-BC803B73C61A}") = "ftp://ftp.team-zebra.se", "ftp://ftp.team-zebra.se", "{DC504F81-F073-4529-BA1F-ABC8D6F0A47E}"
	ProjectSection(WebsiteProperties) = preProject
		TargetFrameworkMoniker = ".NETFramework,Version%3Dv4.0"
		Debug.AspNetCompiler.VirtualPath = "/ftp.team-zebra.se"
		Debug.AspNetCompiler.PhysicalPath = "..\..\..\AppData\Local\Temp\VWDWebCache\ftp_ftp.team-zebra.se_team-zebra.se\"
		Debug.AspNetCompiler.TargetPath = "PrecompiledWeb\ftp.team-zebra.se\"
		Debug.AspNetCompiler.Updateable = "true"
		Debug.AspNetCompiler.ForceOverwrite = "true"
		Debug.AspNetCompiler.FixedNames = "false"
		Debug.AspNetCompiler.Debug = "True"
		Release.AspNetCompiler.VirtualPath = "/ftp.team-zebra.se"
		Release.AspNetCompiler.PhysicalPath = "..\..\..\AppData\Local\Temp\VWDWebCache\ftp_ftp.team-zebra.se_team-zebra.se\"
		Release.AspNetCompiler.TargetPath = "PrecompiledWeb\ftp.team-zebra.se\"
		Release.AspNetCompiler.Updateable = "true"
		Release.AspNetCompiler.ForceOverwrite = "true"
		Release.AspNetCompiler.FixedNames = "false"
		Release.AspNetCompiler.Debug = "False"
	EndProjectSection
EndProject
Project("{2150E333-8FDC-42A3-9474-1A3956D46DE8}") = "Local_Files", "Local_Files", "{EBB80B8A-1471-460C-8964-47AD579E09C4}"
	ProjectSection(SolutionItems) = preProject
		Z:\Ny mapp\Exercise6_WEB_.html = Z:\Ny mapp\Exercise6_WEB_.html
		Z:\Ny mapp\FilmTrailer.html = Z:\Ny mapp\FilmTrailer.html
		Z:\Ny mapp\FS_logga.jpg = Z:\Ny mapp\FS_logga.jpg
		Z:\Ny mapp\index.html = Z:\Ny mapp\index.html
		Z:\Ny mapp\Links.html = Z:\Ny mapp\Links.html
		Z:\Ny mapp\Ovning6_html.html = Z:\Ny mapp\Ovning6_html.html
	EndProjectSection
EndProject
Project("{2150E333-8FDC-42A3-9474-1A3956D46DE8}") = "css", "css", "{4850B129-8E7F-4618-84B5-46FA15415D41}"
	ProjectSection(SolutionItems) = preProject
		Z:\Ny mapp\style.css = Z:\Ny mapp\style.css
		Z:\Ny mapp\stylesheet1.css = Z:\Ny mapp\stylesheet1.css
		Z:\Ny mapp\stylesheet2.css = Z:\Ny mapp\stylesheet2.css
	EndProjectSection
EndProject
Global
	GlobalSection(SolutionConfigurationPlatforms) = preSolution
		Debug|Any CPU = Debug|Any CPU
	EndGlobalSection
	GlobalSection(ProjectConfigurationPlatforms) = postSolution
		{DC504F81-F073-4529-BA1F-ABC8D6F0A47E}.Debug|Any CPU.ActiveCfg = Debug|Any CPU
		{DC504F81-F073-4529-BA1F-ABC8D6F0A47E}.Debug|Any CPU.Build.0 = Debug|Any CPU
	EndGlobalSection
	GlobalSection(SolutionProperties) = preSolution
		HideSolutionNode = FALSE
	EndGlobalSection
	GlobalSection(NestedProjects) = preSolution
		{4850B129-8E7F-4618-84B5-46FA15415D41} = {EBB80B8A-1471-460C-8964-47AD579E09C4}
	EndGlobalSection
	GlobalSection(ExtensibilityGlobals) = postSolution
		SolutionGuid = {0803ED80-A677-4214-993D-270B01D155CC}
	EndGlobalSection
EndGlobal
